
Microsoft Visual Studio Solution File, Format Version 12.00
# Visual Studio Version 17
VisualStudioVersion = 17.8.34322.80
MinimumVisualStudioVersion = 10.0.40219.1
Project("{9A19103F-16F7-4668-BE54-9A1E7A4F7556}") = "PetlaForeach", "PetlaForeach\PetlaForeach.csproj", "{6FBE2D90-22AA-49FE-A740-5AD400B26B06}"
EndProject
Project("{2150E333-8FDC-42A3-9474-1A3956D46DE8}") = "Solution Items", "Solution Items", "{86896440-982F-4022-A633-665F2E35E133}"
	ProjectSection(SolutionItems) = preProject
		.editorconfig = .editorconfig
	EndProjectSection
EndProject
Global
	GlobalSection(SolutionConfigurationPlatforms) = preSolution
		Debug|Any CPU = Debug|Any CPU
		Release|Any CPU = Release|Any CPU
	EndGlobalSection
	GlobalSection(ProjectConfigurationPlatforms) = postSolution
		{6FBE2D90-22AA-49FE-A740-5AD400B26B06}.Debug|Any CPU.ActiveCfg = Debug|Any CPU
		{6FBE2D90-22AA-49FE-A740-5AD400B26B06}.Debug|Any CPU.Build.0 = Debug|Any CPU
		{6FBE2D90-22AA-49FE-A740-5AD400B26B06}.Release|Any CPU.ActiveCfg = Release|Any CPU
		{6FBE2D90-22AA-49FE-A740-5AD400B26B06}.Release|Any CPU.Build.0 = Release|Any CPU
	EndGlobalSection
	GlobalSection(SolutionProperties) = preSolution
		HideSolutionNode = FALSE
	EndGlobalSection
	GlobalSection(ExtensibilityGlobals) = postSolution
		SolutionGuid = {0BF49BB2-35A4-4AFD-A30C-440D2187BD65}
	EndGlobalSection
EndGlobal
